
Microsoft Visual Studio Solution File, Format Version 12.00
# Visual Studio Version 16
VisualStudioVersion = 16.0.31129.286
MinimumVisualStudioVersion = 10.0.40219.1
Project("{FAE04EC0-301F-11D3-BF4B-00C04F79EFBC}") = "TheLedger", "TheLedger\TheLedger.csproj", "{E3B3D03E-15C9-451C-9218-2700CC94AFD5}"
EndProject
Global
	GlobalSection(SolutionConfigurationPlatforms) = preSolution
		Debug|Any CPU = Debug|Any CPU
		Release|Any CPU = Release|Any CPU
	EndGlobalSection
	GlobalSection(ProjectConfigurationPlatforms) = postSolution
		{E3B3D03E-15C9-451C-9218-2700CC94AFD5}.Debug|Any CPU.ActiveCfg = Debug|Any CPU
		{E3B3D03E-15C9-451C-9218-2700CC94AFD5}.Debug|Any CPU.Build.0 = Debug|Any CPU
		{E3B3D03E-15C9-451C-9218-2700CC94AFD5}.Release|Any CPU.ActiveCfg = Release|Any CPU
		{E3B3D03E-15C9-451C-9218-2700CC94AFD5}.Release|Any CPU.Build.0 = Release|Any CPU
	EndGlobalSection
	GlobalSection(SolutionProperties) = preSolution
		HideSolutionNode = FALSE
	EndGlobalSection
	GlobalSection(ExtensibilityGlobals) = postSolution
		SolutionGuid = {8FA88C2F-9D9C-4A8C-8292-3B7FD9CA240D}
	EndGlobalSection
EndGlobal
